
Microsoft Visual Studio Solution File, Format Version 12.00
# Visual Studio Version 17
VisualStudioVersion = 17.8.34601.278
MinimumVisualStudioVersion = 10.0.40219.1
Project("{FAE04EC0-301F-11D3-BF4B-00C04F79EFBC}") = "IntroASP", "IntroASP\IntroASP.csproj", "{46D7AB36-C522-4A42-9904-201396252A40}"
EndProject
Global
	GlobalSection(SolutionConfigurationPlatforms) = preSolution
		Debug|Any CPU = Debug|Any CPU
		Release|Any CPU = Release|Any CPU
	EndGlobalSection
	GlobalSection(ProjectConfigurationPlatforms) = postSolution
		{46D7AB36-C522-4A42-9904-201396252A40}.Debug|Any CPU.ActiveCfg = Debug|Any CPU
		{46D7AB36-C522-4A42-9904-201396252A40}.Debug|Any CPU.Build.0 = Debug|Any CPU
		{46D7AB36-C522-4A42-9904-201396252A40}.Release|Any CPU.ActiveCfg = Release|Any CPU
		{46D7AB36-C522-4A42-9904-201396252A40}.Release|Any CPU.Build.0 = Release|Any CPU
	EndGlobalSection
	GlobalSection(SolutionProperties) = preSolution
		HideSolutionNode = FALSE
	EndGlobalSection
	GlobalSection(ExtensibilityGlobals) = postSolution
		SolutionGuid = {242D15BC-E1CF-4C86-854D-DFFCB985E449}
	EndGlobalSection
EndGlobal
